// !$*UTF8*$!
{
	archiveVersion = 1;
	classes = {
	};
	objectVersion = 56;
	objects = {

/* Begin PBXBuildFile section */
		529F9D4A2A2FFBF5001642BD /* AppDelegate.swift in Sources */ = {isa = PBXBuildFile; fileRef = 529F9D492A2FFBF5001642BD /* AppDelegate.swift */; };
		529F9D4C2A2FFBF5001642BD /* SceneDelegate.swift in Sources */ = {isa = PBXBuildFile; fileRef = 529F9D4B2A2FFBF5001642BD /* SceneDelegate.swift */; };
		529F9D4E2A2FFBF5001642BD /* RMTabBarController.swift in Sources */ = {isa = PBXBuildFile; fileRef = 529F9D4D2A2FFBF5001642BD /* RMTabBarController.swift */; };
		529F9D532A2FFBF7001642BD /* Assets.xcassets in Resources */ = {isa = PBXBuildFile; fileRef = 529F9D522A2FFBF7001642BD /* Assets.xcassets */; };
		529F9D562A2FFBF7001642BD /* LaunchScreen.storyboard in Resources */ = {isa = PBXBuildFile; fileRef = 529F9D542A2FFBF7001642BD /* LaunchScreen.storyboard */; };
		529F9D652A2FFF8F001642BD /* RMLocation.swift in Sources */ = {isa = PBXBuildFile; fileRef = 529F9D642A2FFF8F001642BD /* RMLocation.swift */; };
		529F9D672A2FFFAC001642BD /* RMCharacters.swift in Sources */ = {isa = PBXBuildFile; fileRef = 529F9D662A2FFFAC001642BD /* RMCharacters.swift */; };
		529F9D692A2FFFB6001642BD /* RMEpisode.swift in Sources */ = {isa = PBXBuildFile; fileRef = 529F9D682A2FFFB6001642BD /* RMEpisode.swift */; };
		529F9D6C2A3000A0001642BD /* RMCharacterViewController.swift in Sources */ = {isa = PBXBuildFile; fileRef = 529F9D6B2A3000A0001642BD /* RMCharacterViewController.swift */; };
		529F9D6E2A3000EC001642BD /* RMLocationViewController.swift in Sources */ = {isa = PBXBuildFile; fileRef = 529F9D6D2A3000EC001642BD /* RMLocationViewController.swift */; };
		529F9D702A3000FF001642BD /* RMEpisodeViewController.swift in Sources */ = {isa = PBXBuildFile; fileRef = 529F9D6F2A3000FF001642BD /* RMEpisodeViewController.swift */; };
		529F9D722A300110001642BD /* RMSettingsViewController.swift in Sources */ = {isa = PBXBuildFile; fileRef = 529F9D712A300110001642BD /* RMSettingsViewController.swift */; };
/* End PBXBuildFile section */

/* Begin PBXFileReference section */
		529F9D462A2FFBF5001642BD /* RickAndMorty.app */ = {isa = PBXFileReference; explicitFileType = wrapper.application; includeInIndex = 0; path = RickAndMorty.app; sourceTree = BUILT_PRODUCTS_DIR; };
		529F9D492A2FFBF5001642BD /* AppDelegate.swift */ = {isa = PBXFileReference; lastKnownFileType = sourcecode.swift; path = AppDelegate.swift; sourceTree = "<group>"; };
		529F9D4B2A2FFBF5001642BD /* SceneDelegate.swift */ = {isa = PBXFileReference; lastKnownFileType = sourcecode.swift; path = SceneDelegate.swift; sourceTree = "<group>"; };
		529F9D4D2A2FFBF5001642BD /* RMTabBarController.swift */ = {isa = PBXFileReference; lastKnownFileType = sourcecode.swift; path = RMTabBarController.swift; sourceTree = "<group>"; };
		529F9D522A2FFBF7001642BD /* Assets.xcassets */ = {isa = PBXFileReference; lastKnownFileType = folder.assetcatalog; path = Assets.xcassets; sourceTree = "<group>"; };
		529F9D552A2FFBF7001642BD /* Base */ = {isa = PBXFileReference; lastKnownFileType = file.storyboard; name = Base; path = Base.lproj/LaunchScreen.storyboard; sourceTree = "<group>"; };
		529F9D572A2FFBF7001642BD /* Info.plist */ = {isa = PBXFileReference; lastKnownFileType = text.plist.xml; path = Info.plist; sourceTree = "<group>"; };
		529F9D642A2FFF8F001642BD /* RMLocation.swift */ = {isa = PBXFileReference; lastKnownFileType = sourcecode.swift; path = RMLocation.swift; sourceTree = "<group>"; };
		529F9D662A2FFFAC001642BD /* RMCharacters.swift */ = {isa = PBXFileReference; lastKnownFileType = sourcecode.swift; path = RMCharacters.swift; sourceTree = "<group>"; };
		529F9D682A2FFFB6001642BD /* RMEpisode.swift */ = {isa = PBXFileReference; lastKnownFileType = sourcecode.swift; path = RMEpisode.swift; sourceTree = "<group>"; };
		529F9D6B2A3000A0001642BD /* RMCharacterViewController.swift */ = {isa = PBXFileReference; lastKnownFileType = sourcecode.swift; path = RMCharacterViewController.swift; sourceTree = "<group>"; };
		529F9D6D2A3000EC001642BD /* RMLocationViewController.swift */ = {isa = PBXFileReference; lastKnownFileType = sourcecode.swift; path = RMLocationViewController.swift; sourceTree = "<group>"; };
		529F9D6F2A3000FF001642BD /* RMEpisodeViewController.swift */ = {isa = PBXFileReference; lastKnownFileType = sourcecode.swift; path = RMEpisodeViewController.swift; sourceTree = "<group>"; };
		529F9D712A300110001642BD /* RMSettingsViewController.swift */ = {isa = PBXFileReference; lastKnownFileType = sourcecode.swift; path = RMSettingsViewController.swift; sourceTree = "<group>"; };
/* End PBXFileReference section */

/* Begin PBXFrameworksBuildPhase section */
		529F9D432A2FFBF5001642BD /* Frameworks */ = {
			isa = PBXFrameworksBuildPhase;
			buildActionMask = 2147483647;
			files = (
			);
			runOnlyForDeploymentPostprocessing = 0;
		};
/* End PBXFrameworksBuildPhase section */

/* Begin PBXGroup section */
		529F9D3D2A2FFBF5001642BD = {
			isa = PBXGroup;
			children = (
				529F9D482A2FFBF5001642BD /* RickAndMorty */,
				529F9D472A2FFBF5001642BD /* Products */,
			);
			sourceTree = "<group>";
		};
		529F9D472A2FFBF5001642BD /* Products */ = {
			isa = PBXGroup;
			children = (
				529F9D462A2FFBF5001642BD /* RickAndMorty.app */,
			);
			name = Products;
			sourceTree = "<group>";
		};
		529F9D482A2FFBF5001642BD /* RickAndMorty */ = {
			isa = PBXGroup;
			children = (
				529F9D632A2FFEC5001642BD /* Resources */,
				529F9D622A2FFEBE001642BD /* Managers */,
				529F9D612A2FFE6F001642BD /* APIClient */,
				529F9D602A2FFE64001642BD /* ViewModels */,
				529F9D5F2A2FFE5C001642BD /* Views */,
				529F9D5E2A2FFE50001642BD /* Models */,
				529F9D5D2A2FFE3E001642BD /* Controllers */,
				529F9D572A2FFBF7001642BD /* Info.plist */,
			);
			path = RickAndMorty;
			sourceTree = "<group>";
		};
		529F9D5D2A2FFE3E001642BD /* Controllers */ = {
			isa = PBXGroup;
			children = (
				529F9D6A2A300038001642BD /* Core */,
			);
			path = Controllers;
			sourceTree = "<group>";
		};
		529F9D5E2A2FFE50001642BD /* Models */ = {
			isa = PBXGroup;
			children = (
				529F9D642A2FFF8F001642BD /* RMLocation.swift */,
				529F9D662A2FFFAC001642BD /* RMCharacters.swift */,
				529F9D682A2FFFB6001642BD /* RMEpisode.swift */,
			);
			path = Models;
			sourceTree = "<group>";
		};
		529F9D5F2A2FFE5C001642BD /* Views */ = {
			isa = PBXGroup;
			children = (
			);
			path = Views;
			sourceTree = "<group>";
		};
		529F9D602A2FFE64001642BD /* ViewModels */ = {
			isa = PBXGroup;
			children = (
			);
			path = ViewModels;
			sourceTree = "<group>";
		};
		529F9D612A2FFE6F001642BD /* APIClient */ = {
			isa = PBXGroup;
			children = (
			);
			path = APIClient;
			sourceTree = "<group>";
		};
		529F9D622A2FFEBE001642BD /* Managers */ = {
			isa = PBXGroup;
			children = (
			);
			path = Managers;
			sourceTree = "<group>";
		};
		529F9D632A2FFEC5001642BD /* Resources */ = {
			isa = PBXGroup;
			children = (
				529F9D4B2A2FFBF5001642BD /* SceneDelegate.swift */,
				529F9D522A2FFBF7001642BD /* Assets.xcassets */,
				529F9D542A2FFBF7001642BD /* LaunchScreen.storyboard */,
				529F9D492A2FFBF5001642BD /* AppDelegate.swift */,
			);
			path = Resources;
			sourceTree = "<group>";
		};
		529F9D6A2A300038001642BD /* Core */ = {
			isa = PBXGroup;
			children = (
				529F9D4D2A2FFBF5001642BD /* RMTabBarController.swift */,
				529F9D6B2A3000A0001642BD /* RMCharacterViewController.swift */,
				529F9D6D2A3000EC001642BD /* RMLocationViewController.swift */,
				529F9D6F2A3000FF001642BD /* RMEpisodeViewController.swift */,
				529F9D712A300110001642BD /* RMSettingsViewController.swift */,
			);
			path = Core;
			sourceTree = "<group>";
		};
/* End PBXGroup section */

/* Begin PBXNativeTarget section */
		529F9D452A2FFBF5001642BD /* RickAndMorty */ = {
			isa = PBXNativeTarget;
			buildConfigurationList = 529F9D5A2A2FFBF7001642BD /* Build configuration list for PBXNativeTarget "RickAndMorty" */;
			buildPhases = (
				529F9D422A2FFBF5001642BD /* Sources */,
				529F9D432A2FFBF5001642BD /* Frameworks */,
				529F9D442A2FFBF5001642BD /* Resources */,
			);
			buildRules = (
			);
			dependencies = (
			);
			name = RickAndMorty;
			productName = RickAndMorty;
			productReference = 529F9D462A2FFBF5001642BD /* RickAndMorty.app */;
			productType = "com.apple.product-type.application";
		};
/* End PBXNativeTarget section */

/* Begin PBXProject section */
		529F9D3E2A2FFBF5001642BD /* Project object */ = {
			isa = PBXProject;
			attributes = {
				BuildIndependentTargetsInParallel = 1;
				LastSwiftUpdateCheck = 1430;
				LastUpgradeCheck = 1430;
				TargetAttributes = {
					529F9D452A2FFBF5001642BD = {
						CreatedOnToolsVersion = 14.3.1;
					};
				};
			};
			buildConfigurationList = 529F9D412A2FFBF5001642BD /* Build configuration list for PBXProject "RickAndMorty" */;
			compatibilityVersion = "Xcode 14.0";
			developmentRegion = en;
			hasScannedForEncodings = 0;
			knownRegions = (
				en,
				Base,
			);
			mainGroup = 529F9D3D2A2FFBF5001642BD;
			productRefGroup = 529F9D472A2FFBF5001642BD /* Products */;
			projectDirPath = "";
			projectRoot = "";
			targets = (
				529F9D452A2FFBF5001642BD /* RickAndMorty */,
			);
		};
/* End PBXProject section */

/* Begin PBXResourcesBuildPhase section */
		529F9D442A2FFBF5001642BD /* Resources */ = {
			isa = PBXResourcesBuildPhase;
			buildActionMask = 2147483647;
			files = (
				529F9D562A2FFBF7001642BD /* LaunchScreen.storyboard in Resources */,
				529F9D532A2FFBF7001642BD /* Assets.xcassets in Resources */,
			);
			runOnlyForDeploymentPostprocessing = 0;
		};
/* End PBXResourcesBuildPhase section */

/* Begin PBXSourcesBuildPhase section */
		529F9D422A2FFBF5001642BD /* Sources */ = {
			isa = PBXSourcesBuildPhase;
			buildActionMask = 2147483647;
			files = (
				529F9D6E2A3000EC001642BD /* RMLocationViewController.swift in Sources */,
				529F9D692A2FFFB6001642BD /* RMEpisode.swift in Sources */,
				529F9D4E2A2FFBF5001642BD /* RMTabBarController.swift in Sources */,
				529F9D702A3000FF001642BD /* RMEpisodeViewController.swift in Sources */,
				529F9D4A2A2FFBF5001642BD /* AppDelegate.swift in Sources */,
				529F9D672A2FFFAC001642BD /* RMCharacters.swift in Sources */,
				529F9D722A300110001642BD /* RMSettingsViewController.swift in Sources */,
				529F9D4C2A2FFBF5001642BD /* SceneDelegate.swift in Sources */,
				529F9D652A2FFF8F001642BD /* RMLocation.swift in Sources */,
				529F9D6C2A3000A0001642BD /* RMCharacterViewController.swift in Sources */,
			);
			runOnlyForDeploymentPostprocessing = 0;
		};
/* End PBXSourcesBuildPhase section */

/* Begin PBXVariantGroup section */
		529F9D542A2FFBF7001642BD /* LaunchScreen.storyboard */ = {
			isa = PBXVariantGroup;
			children = (
				529F9D552A2FFBF7001642BD /* Base */,
			);
			name = LaunchScreen.storyboard;
			sourceTree = "<group>";
		};
/* End PBXVariantGroup section */

/* Begin XCBuildConfiguration section */
		529F9D582A2FFBF7001642BD /* Debug */ = {
			isa = XCBuildConfiguration;
			buildSettings = {
				ALWAYS_SEARCH_USER_PATHS = NO;
				CLANG_ANALYZER_NONNULL = YES;
				CLANG_ANALYZER_NUMBER_OBJECT_CONVERSION = YES_AGGRESSIVE;
				CLANG_CXX_LANGUAGE_STANDARD = "gnu++20";
				CLANG_ENABLE_MODULES = YES;
				CLANG_ENABLE_OBJC_ARC = YES;
				CLANG_ENABLE_OBJC_WEAK = YES;
				CLANG_WARN_BLOCK_CAPTURE_AUTORELEASING = YES;
				CLANG_WARN_BOOL_CONVERSION = YES;
				CLANG_WARN_COMMA = YES;
				CLANG_WARN_CONSTANT_CONVERSION = YES;
				CLANG_WARN_DEPRECATED_OBJC_IMPLEMENTATIONS = YES;
				CLANG_WARN_DIRECT_OBJC_ISA_USAGE = YES_ERROR;
				CLANG_WARN_DOCUMENTATION_COMMENTS = YES;
				CLANG_WARN_EMPTY_BODY = YES;
				CLANG_WARN_ENUM_CONVERSION = YES;
				CLANG_WARN_INFINITE_RECURSION = YES;
				CLANG_WARN_INT_CONVERSION = YES;
				CLANG_WARN_NON_LITERAL_NULL_CONVERSION = YES;
				CLANG_WARN_OBJC_IMPLICIT_RETAIN_SELF = YES;
				CLANG_WARN_OBJC_LITERAL_CONVERSION = YES;
				CLANG_WARN_OBJC_ROOT_CLASS = YES_ERROR;
				CLANG_WARN_QUOTED_INCLUDE_IN_FRAMEWORK_HEADER = YES;
				CLANG_WARN_RANGE_LOOP_ANALYSIS = YES;
				CLANG_WARN_STRICT_PROTOTYPES = YES;
				CLANG_WARN_SUSPICIOUS_MOVE = YES;
				CLANG_WARN_UNGUARDED_AVAILABILITY = YES_AGGRESSIVE;
				CLANG_WARN_UNREACHABLE_CODE = YES;
				CLANG_WARN__DUPLICATE_METHOD_MATCH = YES;
				COPY_PHASE_STRIP = NO;
				DEBUG_INFORMATION_FORMAT = dwarf;
				ENABLE_STRICT_OBJC_MSGSEND = YES;
				ENABLE_TESTABILITY = YES;
				GCC_C_LANGUAGE_STANDARD = gnu11;
				GCC_DYNAMIC_NO_PIC = NO;
				GCC_NO_COMMON_BLOCKS = YES;
				GCC_OPTIMIZATION_LEVEL = 0;
				GCC_PREPROCESSOR_DEFINITIONS = (
					"DEBUG=1",
					"$(inherited)",
				);
				GCC_WARN_64_TO_32_BIT_CONVERSION = YES;
				GCC_WARN_ABOUT_RETURN_TYPE = YES_ERROR;
				GCC_WARN_UNDECLARED_SELECTOR = YES;
				GCC_WARN_UNINITIALIZED_AUTOS = YES_AGGRESSIVE;
				GCC_WARN_UNUSED_FUNCTION = YES;
				GCC_WARN_UNUSED_VARIABLE = YES;
				IPHONEOS_DEPLOYMENT_TARGET = 16.4;
				MTL_ENABLE_DEBUG_INFO = INCLUDE_SOURCE;
				MTL_FAST_MATH = YES;
				ONLY_ACTIVE_ARCH = YES;
				SDKROOT = iphoneos;
				SWIFT_ACTIVE_COMPILATION_CONDITIONS = DEBUG;
				SWIFT_OPTIMIZATION_LEVEL = "-Onone";
			};
			name = Debug;
		};
		529F9D592A2FFBF7001642BD /* Release */ = {
			isa = XCBuildConfiguration;
			buildSettings = {
				ALWAYS_SEARCH_USER_PATHS = NO;
				CLANG_ANALYZER_NONNULL = YES;
				CLANG_ANALYZER_NUMBER_OBJECT_CONVERSION = YES_AGGRESSIVE;
				CLANG_CXX_LANGUAGE_STANDARD = "gnu++20";
				CLANG_ENABLE_MODULES = YES;
				CLANG_ENABLE_OBJC_ARC = YES;
				CLANG_ENABLE_OBJC_WEAK = YES;
				CLANG_WARN_BLOCK_CAPTURE_AUTORELEASING = YES;
				CLANG_WARN_BOOL_CONVERSION = YES;
				CLANG_WARN_COMMA = YES;
				CLANG_WARN_CONSTANT_CONVERSION = YES;
				CLANG_WARN_DEPRECATED_OBJC_IMPLEMENTATIONS = YES;
				CLANG_WARN_DIRECT_OBJC_ISA_USAGE = YES_ERROR;
				CLANG_WARN_DOCUMENTATION_COMMENTS = YES;
				CLANG_WARN_EMPTY_BODY = YES;
				CLANG_WARN_ENUM_CONVERSION = YES;
				CLANG_WARN_INFINITE_RECURSION = YES;
				CLANG_WARN_INT_CONVERSION = YES;
				CLANG_WARN_NON_LITERAL_NULL_CONVERSION = YES;
				CLANG_WARN_OBJC_IMPLICIT_RETAIN_SELF = YES;
				CLANG_WARN_OBJC_LITERAL_CONVERSION = YES;
				CLANG_WARN_OBJC_ROOT_CLASS = YES_ERROR;
				CLANG_WARN_QUOTED_INCLUDE_IN_FRAMEWORK_HEADER = YES;
				CLANG_WARN_RANGE_LOOP_ANALYSIS = YES;
				CLANG_WARN_STRICT_PROTOTYPES = YES;
				CLANG_WARN_SUSPICIOUS_MOVE = YES;
				CLANG_WARN_UNGUARDED_AVAILABILITY = YES_AGGRESSIVE;
				CLANG_WARN_UNREACHABLE_CODE = YES;
				CLANG_WARN__DUPLICATE_METHOD_MATCH = YES;
				COPY_PHASE_STRIP = NO;
				DEBUG_INFORMATION_FORMAT = "dwarf-with-dsym";
				ENABLE_NS_ASSERTIONS = NO;
				ENABLE_STRICT_OBJC_MSGSEND = YES;
				GCC_C_LANGUAGE_STANDARD = gnu11;
				GCC_NO_COMMON_BLOCKS = YES;
				GCC_WARN_64_TO_32_BIT_CONVERSION = YES;
				GCC_WARN_ABOUT_RETURN_TYPE = YES_ERROR;
				GCC_WARN_UNDECLARED_SELECTOR = YES;
				GCC_WARN_UNINITIALIZED_AUTOS = YES_AGGRESSIVE;
				GCC_WARN_UNUSED_FUNCTION = YES;
				GCC_WARN_UNUSED_VARIABLE = YES;
				IPHONEOS_DEPLOYMENT_TARGET = 16.4;
				MTL_ENABLE_DEBUG_INFO = NO;
				MTL_FAST_MATH = YES;
				SDKROOT = iphoneos;
				SWIFT_COMPILATION_MODE = wholemodule;
				SWIFT_OPTIMIZATION_LEVEL = "-O";
				VALIDATE_PRODUCT = YES;
			};
			name = Release;
		};
		529F9D5B2A2FFBF7001642BD /* Debug */ = {
			isa = XCBuildConfiguration;
			buildSettings = {
				ASSETCATALOG_COMPILER_APPICON_NAME = AppIcon;
				ASSETCATALOG_COMPILER_GLOBAL_ACCENT_COLOR_NAME = AccentColor;
				CODE_SIGN_STYLE = Automatic;
				CURRENT_PROJECT_VERSION = 1;
				GENERATE_INFOPLIST_FILE = YES;
				INFOPLIST_FILE = RickAndMorty/Info.plist;
				INFOPLIST_KEY_UIApplicationSupportsIndirectInputEvents = YES;
				INFOPLIST_KEY_UILaunchStoryboardName = LaunchScreen;
				INFOPLIST_KEY_UISupportedInterfaceOrientations_iPad = "UIInterfaceOrientationPortrait UIInterfaceOrientationPortraitUpsideDown UIInterfaceOrientationLandscapeLeft UIInterfaceOrientationLandscapeRight";
				INFOPLIST_KEY_UISupportedInterfaceOrientations_iPhone = "UIInterfaceOrientationPortrait UIInterfaceOrientationLandscapeLeft UIInterfaceOrientationLandscapeRight";
				LD_RUNPATH_SEARCH_PATHS = (
					"$(inherited)",
					"@executable_path/Frameworks",
				);
				MARKETING_VERSION = 1.0;
				PRODUCT_BUNDLE_IDENTIFIER = cyrus.RickAndMorty;
				PRODUCT_NAME = "$(TARGET_NAME)";
				SWIFT_EMIT_LOC_STRINGS = YES;
				SWIFT_VERSION = 5.0;
				TARGETED_DEVICE_FAMILY = "1,2";
			};
			name = Debug;
		};
		529F9D5C2A2FFBF7001642BD /* Release */ = {
			isa = XCBuildConfiguration;
			buildSettings = {
				ASSETCATALOG_COMPILER_APPICON_NAME = AppIcon;
				ASSETCATALOG_COMPILER_GLOBAL_ACCENT_COLOR_NAME = AccentColor;
				CODE_SIGN_STYLE = Automatic;
				CURRENT_PROJECT_VERSION = 1;
				GENERATE_INFOPLIST_FILE = YES;
				INFOPLIST_FILE = RickAndMorty/Info.plist;
				INFOPLIST_KEY_UIApplicationSupportsIndirectInputEvents = YES;
				INFOPLIST_KEY_UILaunchStoryboardName = LaunchScreen;
				INFOPLIST_KEY_UISupportedInterfaceOrientations_iPad = "UIInterfaceOrientationPortrait UIInterfaceOrientationPortraitUpsideDown UIInterfaceOrientationLandscapeLeft UIInterfaceOrientationLandscapeRight";
				INFOPLIST_KEY_UISupportedInterfaceOrientations_iPhone = "UIInterfaceOrientationPortrait UIInterfaceOrientationLandscapeLeft UIInterfaceOrientationLandscapeRight";
				LD_RUNPATH_SEARCH_PATHS = (
					"$(inherited)",
					"@executable_path/Frameworks",
				);
				MARKETING_VERSION = 1.0;
				PRODUCT_BUNDLE_IDENTIFIER = cyrus.RickAndMorty;
				PRODUCT_NAME = "$(TARGET_NAME)";
				SWIFT_EMIT_LOC_STRINGS = YES;
				SWIFT_VERSION = 5.0;
				TARGETED_DEVICE_FAMILY = "1,2";
			};
			name = Release;
		};
/* End XCBuildConfiguration section */

/* Begin XCConfigurationList section */
		529F9D412A2FFBF5001642BD /* Build configuration list for PBXProject "RickAndMorty" */ = {
			isa = XCConfigurationList;
			buildConfigurations = (
				529F9D582A2FFBF7001642BD /* Debug */,
				529F9D592A2FFBF7001642BD /* Release */,
			);
			defaultConfigurationIsVisible = 0;
			defaultConfigurationName = Release;
		};
		529F9D5A2A2FFBF7001642BD /* Build configuration list for PBXNativeTarget "RickAndMorty" */ = {
			isa = XCConfigurationList;
			buildConfigurations = (
				529F9D5B2A2FFBF7001642BD /* Debug */,
				529F9D5C2A2FFBF7001642BD /* Release */,
			);
			defaultConfigurationIsVisible = 0;
			defaultConfigurationName = Release;
		};
/* End XCConfigurationList section */
	};
	rootObject = 529F9D3E2A2FFBF5001642BD /* Project object */;
}
